
Microsoft Visual Studio Solution File, Format Version 12.00
# Visual Studio Version 16
VisualStudioVersion = 16.0.31005.135
MinimumVisualStudioVersion = 10.0.40219.1
Project("{9A19103F-16F7-4668-BE54-9A1E7A4F7556}") = "Company.BankApp.Apis", "Company.BankApp.Apis\Company.BankApp.Apis.csproj", "{B5FA301E-6D33-4673-ABC5-22C97D05E6BA}"
EndProject
Project("{9A19103F-16F7-4668-BE54-9A1E7A4F7556}") = "Company.BankApp.DomainModels", "Company.BankApp.DomainModels\Company.BankApp.DomainModels.csproj", "{BA21F13C-908D-4D61-B0C1-B094E560838F}"
EndProject
Project("{9A19103F-16F7-4668-BE54-9A1E7A4F7556}") = "Company.BankApp.DataAccess", "Company.BankApp.DataAccess\Company.BankApp.DataAccess.csproj", "{90C8D367-36F6-480F-B09D-E7949D0E1536}"
EndProject
Project("{9A19103F-16F7-4668-BE54-9A1E7A4F7556}") = "Company.DataStore", "Company.DataStore\Company.DataStore.csproj", "{FC3C469D-EB52-4E0B-AA2C-6F5B4E743E63}"
EndProject
Project("{2150E333-8FDC-42A3-9474-1A3956D46DE8}") = "Solution Items", "Solution Items", "{FE9CC68B-1D21-406A-8C53-CBA6F5C0ED2F}"
	ProjectSection(SolutionItems) = preProject
		.editorconfig = .editorconfig
	EndProjectSection
EndProject
Project("{9A19103F-16F7-4668-BE54-9A1E7A4F7556}") = "Company.BankApp.Web", "Company.BankApp.Web\Company.BankApp.Web.csproj", "{CE25E95C-1DF8-4E5A-8B87-4C408EAC5D00}"
EndProject
Project("{2150E333-8FDC-42A3-9474-1A3956D46DE8}") = "Apps", "Apps", "{88472882-51AD-4554-A73E-210ED377E739}"
EndProject
Project("{2150E333-8FDC-42A3-9474-1A3956D46DE8}") = "DataAccessLayer", "DataAccessLayer", "{E634D716-3CF0-4F3B-9396-F1750E7562EE}"
EndProject
Project("{2150E333-8FDC-42A3-9474-1A3956D46DE8}") = "BusinessLayer", "BusinessLayer", "{0A1017FA-DA44-4C17-8C2D-7515B60AF65A}"
EndProject
Project("{9A19103F-16F7-4668-BE54-9A1E7A4F7556}") = "Company.BankApp.ConsoleApp", "Company.BankApp.ConsoleApp\Company.BankApp.ConsoleApp.csproj", "{418E3E38-5118-4FA1-9030-18996086F7D1}"
EndProject
Project("{9A19103F-16F7-4668-BE54-9A1E7A4F7556}") = "Company.BankApp.Managers", "Company.BankApp.Managers\Company.BankApp.Managers.csproj", "{4C6B09E1-0EE1-411F-B434-423A9EEB3AED}"
EndProject
Project("{9A19103F-16F7-4668-BE54-9A1E7A4F7556}") = "Company.DataStoreEntities", "Company.DataStoreEntities\Company.DataStoreEntities.csproj", "{1C43D5BB-2D98-481C-89A9-82FE0AEFC041}"
EndProject
Project("{2150E333-8FDC-42A3-9474-1A3956D46DE8}") = "NoDependenciesLibs", "NoDependenciesLibs", "{87ECE86F-7AD0-4E3E-82C5-1295DFA8D29B}"
EndProject
Project("{FAE04EC0-301F-11D3-BF4B-00C04F79EFBC}") = "Company.BankApp.Entities", "Company.BankApp.Entities\Company.BankApp.Entities.csproj", "{12C13111-16A4-4F14-9D78-6D3FDD942308}"
EndProject
Project("{2150E333-8FDC-42A3-9474-1A3956D46DE8}") = "CrossCuttingConcerns", "CrossCuttingConcerns", "{2899C1F0-A60A-4598-8B71-1ABA3BD3595A}"
EndProject
Project("{FAE04EC0-301F-11D3-BF4B-00C04F79EFBC}") = "Company.BankApp.Security", "Company.BankApp.Security\Company.BankApp.Security.csproj", "{FE08D46C-0072-4594-ACFF-9BE2364833E9}"
EndProject
Project("{FAE04EC0-301F-11D3-BF4B-00C04F79EFBC}") = "Company.BankApp.Services", "Company.BankApp.Services\Company.BankApp.Services.csproj", "{790D1547-7911-467A-8CAA-F193059AB0C5}"
EndProject
Global
	GlobalSection(SolutionConfigurationPlatforms) = preSolution
		Debug|Any CPU = Debug|Any CPU
		Release|Any CPU = Release|Any CPU
	EndGlobalSection
	GlobalSection(ProjectConfigurationPlatforms) = postSolution
		{B5FA301E-6D33-4673-ABC5-22C97D05E6BA}.Debug|Any CPU.ActiveCfg = Debug|Any CPU
		{B5FA301E-6D33-4673-ABC5-22C97D05E6BA}.Debug|Any CPU.Build.0 = Debug|Any CPU
		{B5FA301E-6D33-4673-ABC5-22C97D05E6BA}.Release|Any CPU.ActiveCfg = Release|Any CPU
		{B5FA301E-6D33-4673-ABC5-22C97D05E6BA}.Release|Any CPU.Build.0 = Release|Any CPU
		{BA21F13C-908D-4D61-B0C1-B094E560838F}.Debug|Any CPU.ActiveCfg = Debug|Any CPU
		{BA21F13C-908D-4D61-B0C1-B094E560838F}.Debug|Any CPU.Build.0 = Debug|Any CPU
		{BA21F13C-908D-4D61-B0C1-B094E560838F}.Release|Any CPU.ActiveCfg = Release|Any CPU
		{BA21F13C-908D-4D61-B0C1-B094E560838F}.Release|Any CPU.Build.0 = Release|Any CPU
		{90C8D367-36F6-480F-B09D-E7949D0E1536}.Debug|Any CPU.ActiveCfg = Debug|Any CPU
		{90C8D367-36F6-480F-B09D-E7949D0E1536}.Debug|Any CPU.Build.0 = Debug|Any CPU
		{90C8D367-36F6-480F-B09D-E7949D0E1536}.Release|Any CPU.ActiveCfg = Release|Any CPU
		{90C8D367-36F6-480F-B09D-E7949D0E1536}.Release|Any CPU.Build.0 = Release|Any CPU
		{FC3C469D-EB52-4E0B-AA2C-6F5B4E743E63}.Debug|Any CPU.ActiveCfg = Debug|Any CPU
		{FC3C469D-EB52-4E0B-AA2C-6F5B4E743E63}.Debug|Any CPU.Build.0 = Debug|Any CPU
		{FC3C469D-EB52-4E0B-AA2C-6F5B4E743E63}.Release|Any CPU.ActiveCfg = Release|Any CPU
		{FC3C469D-EB52-4E0B-AA2C-6F5B4E743E63}.Release|Any CPU.Build.0 = Release|Any CPU
		{CE25E95C-1DF8-4E5A-8B87-4C408EAC5D00}.Debug|Any CPU.ActiveCfg = Debug|Any CPU
		{CE25E95C-1DF8-4E5A-8B87-4C408EAC5D00}.Debug|Any CPU.Build.0 = Debug|Any CPU
		{CE25E95C-1DF8-4E5A-8B87-4C408EAC5D00}.Release|Any CPU.ActiveCfg = Release|Any CPU
		{CE25E95C-1DF8-4E5A-8B87-4C408EAC5D00}.Release|Any CPU.Build.0 = Release|Any CPU
		{418E3E38-5118-4FA1-9030-18996086F7D1}.Debug|Any CPU.ActiveCfg = Debug|Any CPU
		{418E3E38-5118-4FA1-9030-18996086F7D1}.Debug|Any CPU.Build.0 = Debug|Any CPU
		{418E3E38-5118-4FA1-9030-18996086F7D1}.Release|Any CPU.ActiveCfg = Release|Any CPU
		{418E3E38-5118-4FA1-9030-18996086F7D1}.Release|Any CPU.Build.0 = Release|Any CPU
		{4C6B09E1-0EE1-411F-B434-423A9EEB3AED}.Debug|Any CPU.ActiveCfg = Debug|Any CPU
		{4C6B09E1-0EE1-411F-B434-423A9EEB3AED}.Debug|Any CPU.Build.0 = Debug|Any CPU
		{4C6B09E1-0EE1-411F-B434-423A9EEB3AED}.Release|Any CPU.ActiveCfg = Release|Any CPU
		{4C6B09E1-0EE1-411F-B434-423A9EEB3AED}.Release|Any CPU.Build.0 = Release|Any CPU
		{1C43D5BB-2D98-481C-89A9-82FE0AEFC041}.Debug|Any CPU.ActiveCfg = Debug|Any CPU
		{1C43D5BB-2D98-481C-89A9-82FE0AEFC041}.Debug|Any CPU.Build.0 = Debug|Any CPU
		{1C43D5BB-2D98-481C-89A9-82FE0AEFC041}.Release|Any CPU.ActiveCfg = Release|Any CPU
		{1C43D5BB-2D98-481C-89A9-82FE0AEFC041}.Release|Any CPU.Build.0 = Release|Any CPU
		{12C13111-16A4-4F14-9D78-6D3FDD942308}.Debug|Any CPU.ActiveCfg = Debug|Any CPU
		{12C13111-16A4-4F14-9D78-6D3FDD942308}.Debug|Any CPU.Build.0 = Debug|Any CPU
		{12C13111-16A4-4F14-9D78-6D3FDD942308}.Release|Any CPU.ActiveCfg = Release|Any CPU
		{12C13111-16A4-4F14-9D78-6D3FDD942308}.Release|Any CPU.Build.0 = Release|Any CPU
		{FE08D46C-0072-4594-ACFF-9BE2364833E9}.Debug|Any CPU.ActiveCfg = Debug|Any CPU
		{FE08D46C-0072-4594-ACFF-9BE2364833E9}.Debug|Any CPU.Build.0 = Debug|Any CPU
		{FE08D46C-0072-4594-ACFF-9BE2364833E9}.Release|Any CPU.ActiveCfg = Release|Any CPU
		{FE08D46C-0072-4594-ACFF-9BE2364833E9}.Release|Any CPU.Build.0 = Release|Any CPU
		{790D1547-7911-467A-8CAA-F193059AB0C5}.Debug|Any CPU.ActiveCfg = Debug|Any CPU
		{790D1547-7911-467A-8CAA-F193059AB0C5}.Debug|Any CPU.Build.0 = Debug|Any CPU
		{790D1547-7911-467A-8CAA-F193059AB0C5}.Release|Any CPU.ActiveCfg = Release|Any CPU
		{790D1547-7911-467A-8CAA-F193059AB0C5}.Release|Any CPU.Build.0 = Release|Any CPU
	EndGlobalSection
	GlobalSection(SolutionProperties) = preSolution
		HideSolutionNode = FALSE
	EndGlobalSection
	GlobalSection(NestedProjects) = preSolution
		{B5FA301E-6D33-4673-ABC5-22C97D05E6BA} = {88472882-51AD-4554-A73E-210ED377E739}
		{BA21F13C-908D-4D61-B0C1-B094E560838F} = {0A1017FA-DA44-4C17-8C2D-7515B60AF65A}
		{90C8D367-36F6-480F-B09D-E7949D0E1536} = {E634D716-3CF0-4F3B-9396-F1750E7562EE}
		{FC3C469D-EB52-4E0B-AA2C-6F5B4E743E63} = {87ECE86F-7AD0-4E3E-82C5-1295DFA8D29B}
		{CE25E95C-1DF8-4E5A-8B87-4C408EAC5D00} = {88472882-51AD-4554-A73E-210ED377E739}
		{418E3E38-5118-4FA1-9030-18996086F7D1} = {88472882-51AD-4554-A73E-210ED377E739}
		{4C6B09E1-0EE1-411F-B434-423A9EEB3AED} = {0A1017FA-DA44-4C17-8C2D-7515B60AF65A}
		{1C43D5BB-2D98-481C-89A9-82FE0AEFC041} = {87ECE86F-7AD0-4E3E-82C5-1295DFA8D29B}
		{12C13111-16A4-4F14-9D78-6D3FDD942308} = {E634D716-3CF0-4F3B-9396-F1750E7562EE}
		{FE08D46C-0072-4594-ACFF-9BE2364833E9} = {2899C1F0-A60A-4598-8B71-1ABA3BD3595A}
		{790D1547-7911-467A-8CAA-F193059AB0C5} = {0A1017FA-DA44-4C17-8C2D-7515B60AF65A}
	EndGlobalSection
	GlobalSection(ExtensibilityGlobals) = postSolution
		SolutionGuid = {E09C77BC-4793-4CAD-B7B1-C103B6230AAA}
	EndGlobalSection
EndGlobal
