
Microsoft Visual Studio Solution File, Format Version 12.00
# Visual Studio Version 17
VisualStudioVersion = 17.5.002.0
MinimumVisualStudioVersion = 10.0.40219.1
Project("{9A19103F-16F7-4668-BE54-9A1E7A4F7556}") = "back-end", "backend.csproj", "{BDA4A427-3845-4948-A103-3191C9D1A9E9}"
EndProject
Global
	GlobalSection(SolutionConfigurationPlatforms) = preSolution
		Debug|Any CPU = Debug|Any CPU
		Release|Any CPU = Release|Any CPU
	EndGlobalSection
	GlobalSection(ProjectConfigurationPlatforms) = postSolution
		{BDA4A427-3845-4948-A103-3191C9D1A9E9}.Debug|Any CPU.ActiveCfg = Debug|Any CPU
		{BDA4A427-3845-4948-A103-3191C9D1A9E9}.Debug|Any CPU.Build.0 = Debug|Any CPU
		{BDA4A427-3845-4948-A103-3191C9D1A9E9}.Release|Any CPU.ActiveCfg = Release|Any CPU
		{BDA4A427-3845-4948-A103-3191C9D1A9E9}.Release|Any CPU.Build.0 = Release|Any CPU
	EndGlobalSection
	GlobalSection(SolutionProperties) = preSolution
		HideSolutionNode = FALSE
	EndGlobalSection
	GlobalSection(ExtensibilityGlobals) = postSolution
		SolutionGuid = {5C6C123E-01B2-4101-8B20-F8108FC70A70}
	EndGlobalSection
EndGlobal
